
Microsoft Visual Studio Solution File, Format Version 12.00
# Visual Studio Version 16
VisualStudioVersion = 16.0.30804.86
MinimumVisualStudioVersion = 10.0.40219.1
Project("{9A19103F-16F7-4668-BE54-9A1E7A4F7556}") = "Algo", "algo\Algo.csproj", "{5239A55F-5582-416C-B186-CEB3FD732499}"
EndProject
Project("{9A19103F-16F7-4668-BE54-9A1E7A4F7556}") = "AlgoLibrary", "algolibrary\AlgoLibrary.csproj", "{550AA414-C997-471A-BE15-A266FEC8131F}"
EndProject
Project("{FAE04EC0-301F-11D3-BF4B-00C04F79EFBC}") = "AlgoLibrary.UnitTests", "algolibrary.UnitTests\AlgoLibrary.UnitTests.csproj", "{82BD6277-6E6F-4AA4-8D9C-B61DB687EDCF}"
EndProject
Global
	GlobalSection(SolutionConfigurationPlatforms) = preSolution
		Debug|Any CPU = Debug|Any CPU
		Release|Any CPU = Release|Any CPU
	EndGlobalSection
	GlobalSection(ProjectConfigurationPlatforms) = postSolution
		{5239A55F-5582-416C-B186-CEB3FD732499}.Debug|Any CPU.ActiveCfg = Debug|Any CPU
		{5239A55F-5582-416C-B186-CEB3FD732499}.Debug|Any CPU.Build.0 = Debug|Any CPU
		{5239A55F-5582-416C-B186-CEB3FD732499}.Release|Any CPU.ActiveCfg = Release|Any CPU
		{5239A55F-5582-416C-B186-CEB3FD732499}.Release|Any CPU.Build.0 = Release|Any CPU
		{550AA414-C997-471A-BE15-A266FEC8131F}.Debug|Any CPU.ActiveCfg = Debug|Any CPU
		{550AA414-C997-471A-BE15-A266FEC8131F}.Debug|Any CPU.Build.0 = Debug|Any CPU
		{550AA414-C997-471A-BE15-A266FEC8131F}.Release|Any CPU.ActiveCfg = Release|Any CPU
		{550AA414-C997-471A-BE15-A266FEC8131F}.Release|Any CPU.Build.0 = Release|Any CPU
		{82BD6277-6E6F-4AA4-8D9C-B61DB687EDCF}.Debug|Any CPU.ActiveCfg = Debug|Any CPU
		{82BD6277-6E6F-4AA4-8D9C-B61DB687EDCF}.Debug|Any CPU.Build.0 = Debug|Any CPU
		{82BD6277-6E6F-4AA4-8D9C-B61DB687EDCF}.Release|Any CPU.ActiveCfg = Release|Any CPU
		{82BD6277-6E6F-4AA4-8D9C-B61DB687EDCF}.Release|Any CPU.Build.0 = Release|Any CPU
	EndGlobalSection
	GlobalSection(SolutionProperties) = preSolution
		HideSolutionNode = FALSE
	EndGlobalSection
	GlobalSection(ExtensibilityGlobals) = postSolution
		SolutionGuid = {76C59F51-F68E-405C-B208-836879AF06B8}
	EndGlobalSection
EndGlobal
